{
  "name": "joy-loader",
  "version": "1.0.0",
  "lockfileVersion": 2,
  "requires": true,
  "packages": {
    "": {
      "name": "joy-loader",
      "version": "1.0.0",
      "license": "MIT",
      "dependencies": {
        "loader-utils": "^2.0.0"
      },
      "peerDependencies": {
        "joytpl": "^0.0.21"
      }
    },
    "node_modules/asty": {
      "version": "1.8.14",
      "resolved": "https://registry.npmjs.org/asty/-/asty-1.8.14.tgz",
      "integrity": "sha512-mdXrb7dV/hhgiUXy4QT7/V7FEckB38KX2wOAGZjmU4ZKclQMKFul0W7uNzHLzRvtf7acCiilG4wjuvdtQ1kU3w==",
      "peer": true,
      "engines": {
        "node": ">=8.0.0"
      }
    },
    "node_modules/big.js": {
      "version": "5.2.2",
      "resolved": "https://registry.npmjs.org/big.js/-/big.js-5.2.2.tgz",
      "integrity": "sha512-vyL2OymJxmarO8gxMr0mhChsO9QGwhynfuu4+MHTAW6czfq9humCB7rKpUjDd9YUiDPU4mzpyupFSvOClAwbmQ==",
      "engines": {
        "node": "*"
      }
    },
    "node_modules/commander": {
      "version": "4.1.1",
      "resolved": "https://registry.npmjs.org/commander/-/commander-4.1.1.tgz",
      "integrity": "sha512-NOKm8xhkzAjzFx8B2v5OAHT+u5pRQc2UCa2Vq9jYL/31o2wi9mxBA7LIFs3sV5VSC49z6pEhfbMULvShKj26WA==",
      "peer": true,
      "engines": {
        "node": ">= 6"
      }
    },
    "node_modules/emojis-list": {
      "version": "3.0.0",
      "resolved": "https://registry.npmjs.org/emojis-list/-/emojis-list-3.0.0.tgz",
      "integrity": "sha512-/kyM18EfinwXZbno9FyUGeFh87KC8HRQBQGildHZbEuRyWFOmv1U10o9BBp8XVZDVNNuQKyIGIu5ZYAAXJ0V2Q==",
      "engines": {
        "node": ">= 4"
      }
    },
    "node_modules/joytpl": {
      "version": "0.0.21",
      "resolved": "https://registry.npmjs.org/joytpl/-/joytpl-0.0.21.tgz",
      "integrity": "sha512-3rGnB0vfW4WK6foTcWWpWYLHZ37H4FmtsE94Std8NBmyCWZiN2DXxV5zHjBljwurGMLSmo2mKCZNj4CvNvGGmw==",
      "peer": true,
      "dependencies": {
        "asty": "^1.8.9",
        "commander": "^4.1.0",
        "pegjs-util": "^1.4.19",
        "prettier": "^1.19.1",
        "require-from-string": "^2.0.2"
      },
      "bin": {
        "joytpl": "bin/joytpl.js"
      }
    },
    "node_modules/json5": {
      "version": "2.2.3",
      "resolved": "https://registry.npmjs.org/json5/-/json5-2.2.3.tgz",
      "integrity": "sha512-XmOWe7eyHYH14cLdVPoyg+GOH3rYX++KpzrylJwSW98t3Nk+U8XOl8FWKOgwtzdb8lXGf6zYwDUzeHMWfxasyg==",
      "bin": {
        "json5": "lib/cli.js"
      },
      "engines": {
        "node": ">=6"
      }
    },
    "node_modules/loader-utils": {
      "version": "2.0.0",
      "resolved": "https://registry.npmjs.org/loader-utils/-/loader-utils-2.0.0.tgz",
      "integrity": "sha512-rP4F0h2RaWSvPEkD7BLDFQnvSf+nK+wr3ESUjNTyAGobqrijmW92zc+SO6d4p4B1wh7+B/Jg1mkQe5NYUEHtHQ==",
      "dependencies": {
        "big.js": "^5.2.2",
        "emojis-list": "^3.0.0",
        "json5": "^2.1.2"
      },
      "engines": {
        "node": ">=8.9.0"
      }
    },
    "node_modules/pegjs": {
      "version": "0.10.0",
      "resolved": "https://registry.npmjs.org/pegjs/-/pegjs-0.10.0.tgz",
      "integrity": "sha1-z4uvrm7d/0tafvsYUmnqr0YQ3b0=",
      "peer": true,
      "bin": {
        "pegjs": "bin/pegjs"
      },
      "engines": {
        "node": ">=0.10"
      }
    },
    "node_modules/pegjs-util": {
      "version": "1.4.21",
      "resolved": "https://registry.npmjs.org/pegjs-util/-/pegjs-util-1.4.21.tgz",
      "integrity": "sha512-0z15BXCjxwgeD+pO5QImUgOFsJ86jFt6oDqatveLggeARSS5wmrt9SxCONkUvOeSsob2faVBC9H4wpl4zudg9A==",
      "peer": true,
      "dependencies": {
        "pegjs": ">=0.10.0"
      }
    },
    "node_modules/prettier": {
      "version": "1.19.1",
      "resolved": "https://registry.npmjs.org/prettier/-/prettier-1.19.1.tgz",
      "integrity": "sha512-s7PoyDv/II1ObgQunCbB9PdLmUcBZcnWOcxDh7O0N/UwDEsHyqkW+Qh28jW+mVuCdx7gLB0BotYI1Y6uI9iyew==",
      "peer": true,
      "bin": {
        "prettier": "bin-prettier.js"
      },
      "engines": {
        "node": ">=4"
      }
    },
    "node_modules/require-from-string": {
      "version": "2.0.2",
      "resolved": "https://registry.npmjs.org/require-from-string/-/require-from-string-2.0.2.tgz",
      "integrity": "sha512-Xf0nWe6RseziFMu+Ap9biiUbmplq6S9/p+7w7YXP/JBHhrUDDUhwa+vANyubuqfZWTveU//DYVGsDG7RKL/vEw==",
      "peer": true,
      "engines": {
        "node": ">=0.10.0"
      }
    }
  },
  "dependencies": {
    "asty": {
      "version": "1.8.14",
      "resolved": "https://registry.npmjs.org/asty/-/asty-1.8.14.tgz",
      "integrity": "sha512-mdXrb7dV/hhgiUXy4QT7/V7FEckB38KX2wOAGZjmU4ZKclQMKFul0W7uNzHLzRvtf7acCiilG4wjuvdtQ1kU3w==",
      "peer": true
    },
    "big.js": {
      "version": "5.2.2",
      "resolved": "https://registry.npmjs.org/big.js/-/big.js-5.2.2.tgz",
      "integrity": "sha512-vyL2OymJxmarO8gxMr0mhChsO9QGwhynfuu4+MHTAW6czfq9humCB7rKpUjDd9YUiDPU4mzpyupFSvOClAwbmQ=="
    },
    "commander": {
      "version": "4.1.1",
      "resolved": "https://registry.npmjs.org/commander/-/commander-4.1.1.tgz",
      "integrity": "sha512-NOKm8xhkzAjzFx8B2v5OAHT+u5pRQc2UCa2Vq9jYL/31o2wi9mxBA7LIFs3sV5VSC49z6pEhfbMULvShKj26WA==",
      "peer": true
    },
    "emojis-list": {
      "version": "3.0.0",
      "resolved": "https://registry.npmjs.org/emojis-list/-/emojis-list-3.0.0.tgz",
      "integrity": "sha512-/kyM18EfinwXZbno9FyUGeFh87KC8HRQBQGildHZbEuRyWFOmv1U10o9BBp8XVZDVNNuQKyIGIu5ZYAAXJ0V2Q=="
    },
    "joytpl": {
      "version": "0.0.21",
      "resolved": "https://registry.npmjs.org/joytpl/-/joytpl-0.0.21.tgz",
      "integrity": "sha512-3rGnB0vfW4WK6foTcWWpWYLHZ37H4FmtsE94Std8NBmyCWZiN2DXxV5zHjBljwurGMLSmo2mKCZNj4CvNvGGmw==",
      "peer": true,
      "requires": {
        "asty": "^1.8.9",
        "commander": "^4.1.0",
        "pegjs-util": "^1.4.19",
        "prettier": "^1.19.1",
        "require-from-string": "^2.0.2"
      }
    },
    "json5": {
      "version": "2.2.3",
      "resolved": "https://registry.npmjs.org/json5/-/json5-2.2.3.tgz",
      "integrity": "sha512-XmOWe7eyHYH14cLdVPoyg+GOH3rYX++KpzrylJwSW98t3Nk+U8XOl8FWKOgwtzdb8lXGf6zYwDUzeHMWfxasyg=="
    },
    "loader-utils": {
      "version": "2.0.0",
      "resolved": "https://registry.npmjs.org/loader-utils/-/loader-utils-2.0.0.tgz",
      "integrity": "sha512-rP4F0h2RaWSvPEkD7BLDFQnvSf+nK+wr3ESUjNTyAGobqrijmW92zc+SO6d4p4B1wh7+B/Jg1mkQe5NYUEHtHQ==",
      "requires": {
        "big.js": "^5.2.2",
        "emojis-list": "^3.0.0",
        "json5": "^2.1.2"
      }
    },
    "pegjs": {
      "version": "0.10.0",
      "resolved": "https://registry.npmjs.org/pegjs/-/pegjs-0.10.0.tgz",
      "integrity": "sha1-z4uvrm7d/0tafvsYUmnqr0YQ3b0=",
      "peer": true
    },
    "pegjs-util": {
      "version": "1.4.21",
      "resolved": "https://registry.npmjs.org/pegjs-util/-/pegjs-util-1.4.21.tgz",
      "integrity": "sha512-0z15BXCjxwgeD+pO5QImUgOFsJ86jFt6oDqatveLggeARSS5wmrt9SxCONkUvOeSsob2faVBC9H4wpl4zudg9A==",
      "peer": true,
      "requires": {
        "pegjs": ">=0.10.0"
      }
    },
    "prettier": {
      "version": "1.19.1",
      "resolved": "https://registry.npmjs.org/prettier/-/prettier-1.19.1.tgz",
      "integrity": "sha512-s7PoyDv/II1ObgQunCbB9PdLmUcBZcnWOcxDh7O0N/UwDEsHyqkW+Qh28jW+mVuCdx7gLB0BotYI1Y6uI9iyew==",
      "peer": true
    },
    "require-from-string": {
      "version": "2.0.2",
      "resolved": "https://registry.npmjs.org/require-from-string/-/require-from-string-2.0.2.tgz",
      "integrity": "sha512-Xf0nWe6RseziFMu+Ap9biiUbmplq6S9/p+7w7YXP/JBHhrUDDUhwa+vANyubuqfZWTveU//DYVGsDG7RKL/vEw==",
      "peer": true
    }
  }
}
